
Microsoft Visual Studio Solution File, Format Version 12.00
# Visual Studio Version 17
VisualStudioVersion = 17.2.32630.192
MinimumVisualStudioVersion = 10.0.40219.1
Project("{FAE04EC0-301F-11D3-BF4B-00C04F79EFBC}") = "dugundavet", "dugundavet\dugundavet.csproj", "{629E1836-823E-4978-A66B-5AFB09DB1ADB}"
EndProject
Global
	GlobalSection(SolutionConfigurationPlatforms) = preSolution
		Debug|Any CPU = Debug|Any CPU
		Release|Any CPU = Release|Any CPU
	EndGlobalSection
	GlobalSection(ProjectConfigurationPlatforms) = postSolution
		{629E1836-823E-4978-A66B-5AFB09DB1ADB}.Debug|Any CPU.ActiveCfg = Debug|Any CPU
		{629E1836-823E-4978-A66B-5AFB09DB1ADB}.Debug|Any CPU.Build.0 = Debug|Any CPU
		{629E1836-823E-4978-A66B-5AFB09DB1ADB}.Release|Any CPU.ActiveCfg = Release|Any CPU
		{629E1836-823E-4978-A66B-5AFB09DB1ADB}.Release|Any CPU.Build.0 = Release|Any CPU
	EndGlobalSection
	GlobalSection(SolutionProperties) = preSolution
		HideSolutionNode = FALSE
	EndGlobalSection
	GlobalSection(ExtensibilityGlobals) = postSolution
		SolutionGuid = {D8F155BD-3C75-4DF9-AD53-5D2A3C8B8616}
	EndGlobalSection
EndGlobal
